
Microsoft Visual Studio Solution File, Format Version 12.00
# Visual Studio Version 17
VisualStudioVersion = 17.5.33414.496
MinimumVisualStudioVersion = 10.0.40219.1
Project("{9A19103F-16F7-4668-BE54-9A1E7A4F7556}") = "MigaUtils", "frameworks\MigaUtils\MigaUtils.csproj", "{EBC7FABE-5A55-4FF8-8AE4-C4AC92674D0C}"
EndProject
Project("{9A19103F-16F7-4668-BE54-9A1E7A4F7556}") = "Forest", "ui\Forest\Forest\Forest.csproj", "{74C21259-A1EB-487E-8DD5-CD90CA9EB69E}"
EndProject
Project("{9A19103F-16F7-4668-BE54-9A1E7A4F7556}") = "Forest.Controls", "ui\Forest\Forest.Controls\Forest.Controls.csproj", "{BA0D9B12-ED16-43EF-B7A1-5E54C7ED989C}"
EndProject
Project("{9A19103F-16F7-4668-BE54-9A1E7A4F7556}") = "Forest.Shell", "ui\Forest\Forest.Shell\Forest.Shell.csproj", "{3ACB9450-0DC7-4599-A80D-1A748B67BA3C}"
EndProject
Project("{9A19103F-16F7-4668-BE54-9A1E7A4F7556}") = "FutureGL.Tools.MusicPlayer", "tools\FutureGL.Tools.MusicPlayer\FutureGL.Tools.MusicPlayer.csproj", "{42987FA1-8BF2-425D-BA37-05AD26CD9976}"
EndProject
Project("{9A19103F-16F7-4668-BE54-9A1E7A4F7556}") = "FutureGL.Tools.ModuleEditor", "tools\FutureGL.Tools.ModuleEditor\FutureGL.Tools.ModuleEditor.csproj", "{4252CC77-A806-4B7C-9951-074175E4206E}"
EndProject
Project("{9A19103F-16F7-4668-BE54-9A1E7A4F7556}") = "FutureGL.Demo.ViewHost", "tools\FutureGL.Demo.ViewHost\FutureGL.Demo.ViewHost.csproj", "{A32B5EF1-654C-40BF-801E-8A1BDEF8B1B1}"
EndProject
Project("{9A19103F-16F7-4668-BE54-9A1E7A4F7556}") = "MigaGen.App", "generators\MigaGen.App\MigaGen.App.csproj", "{F5311A5F-F8F5-4A9F-809E-57210EC559AD}"
EndProject
Project("{9A19103F-16F7-4668-BE54-9A1E7A4F7556}") = "MigaDB.Share", "frameworks\MigaDB.Share\MigaDB.Share.csproj", "{579F4F4A-E178-436E-8BE8-4F08A1ECB2A2}"
EndProject
Project("{9A19103F-16F7-4668-BE54-9A1E7A4F7556}") = "MigaDB", "frameworks\MigaDB\MigaDB.csproj", "{F9BBC5DF-D805-4F19-88CE-CE0408B70194}"
EndProject
Project("{9A19103F-16F7-4668-BE54-9A1E7A4F7556}") = "SubSystem.Template", "studio\SubSystem.Template\SubSystem.Template.csproj", "{F0D41BEE-95D5-4C7D-B135-81A14A1C5124}"
EndProject
Project("{2150E333-8FDC-42A3-9474-1A3956D46DE8}") = "Frameworks", "Frameworks", "{8713051E-D3D8-4C38-877A-E4880CBC470D}"
EndProject
Project("{9A19103F-16F7-4668-BE54-9A1E7A4F7556}") = "MigaStudio.UI", "studio\MigaStudio.UI\MigaStudio.UI.csproj", "{2FDD6D81-C2F9-4E70-A7F0-E9D1532FDD3C}"
EndProject
Project("{9A19103F-16F7-4668-BE54-9A1E7A4F7556}") = "SubSystem", "studio\SubSystem\SubSystem.csproj", "{589C1C7F-88D3-4F4E-A982-EA5108050124}"
EndProject
Project("{2150E333-8FDC-42A3-9474-1A3956D46DE8}") = "SubSystems", "SubSystems", "{5BE31570-095D-49A2-91BE-D8A1F55751AC}"
EndProject
Project("{FAE04EC0-301F-11D3-BF4B-00C04F79EFBC}") = "FutureGL.Tools.ThemeEditor", "tools\FutureGL.Tools.ThemeEditor\FutureGL.Tools.ThemeEditor.csproj", "{432FE557-206D-4770-8540-2E032B514171}"
EndProject
Global
	GlobalSection(SolutionConfigurationPlatforms) = preSolution
		Debug|Any CPU = Debug|Any CPU
		Debug|x86 = Debug|x86
		Release|Any CPU = Release|Any CPU
		Release|x86 = Release|x86
	EndGlobalSection
	GlobalSection(ProjectConfigurationPlatforms) = postSolution
		{EBC7FABE-5A55-4FF8-8AE4-C4AC92674D0C}.Debug|Any CPU.ActiveCfg = Debug|Any CPU
		{EBC7FABE-5A55-4FF8-8AE4-C4AC92674D0C}.Debug|Any CPU.Build.0 = Debug|Any CPU
		{EBC7FABE-5A55-4FF8-8AE4-C4AC92674D0C}.Debug|x86.ActiveCfg = Debug|x86
		{EBC7FABE-5A55-4FF8-8AE4-C4AC92674D0C}.Debug|x86.Build.0 = Debug|x86
		{EBC7FABE-5A55-4FF8-8AE4-C4AC92674D0C}.Release|Any CPU.ActiveCfg = Release|Any CPU
		{EBC7FABE-5A55-4FF8-8AE4-C4AC92674D0C}.Release|Any CPU.Build.0 = Release|Any CPU
		{EBC7FABE-5A55-4FF8-8AE4-C4AC92674D0C}.Release|x86.ActiveCfg = Release|x86
		{EBC7FABE-5A55-4FF8-8AE4-C4AC92674D0C}.Release|x86.Build.0 = Release|x86
		{74C21259-A1EB-487E-8DD5-CD90CA9EB69E}.Debug|Any CPU.ActiveCfg = Debug|Any CPU
		{74C21259-A1EB-487E-8DD5-CD90CA9EB69E}.Debug|Any CPU.Build.0 = Debug|Any CPU
		{74C21259-A1EB-487E-8DD5-CD90CA9EB69E}.Debug|x86.ActiveCfg = NUGET|x86
		{74C21259-A1EB-487E-8DD5-CD90CA9EB69E}.Debug|x86.Build.0 = NUGET|x86
		{74C21259-A1EB-487E-8DD5-CD90CA9EB69E}.Release|Any CPU.ActiveCfg = Release|Any CPU
		{74C21259-A1EB-487E-8DD5-CD90CA9EB69E}.Release|Any CPU.Build.0 = Release|Any CPU
		{74C21259-A1EB-487E-8DD5-CD90CA9EB69E}.Release|x86.ActiveCfg = Release|x86
		{74C21259-A1EB-487E-8DD5-CD90CA9EB69E}.Release|x86.Build.0 = Release|x86
		{BA0D9B12-ED16-43EF-B7A1-5E54C7ED989C}.Debug|Any CPU.ActiveCfg = Debug|Any CPU
		{BA0D9B12-ED16-43EF-B7A1-5E54C7ED989C}.Debug|Any CPU.Build.0 = Debug|Any CPU
		{BA0D9B12-ED16-43EF-B7A1-5E54C7ED989C}.Debug|x86.ActiveCfg = Debug|x86
		{BA0D9B12-ED16-43EF-B7A1-5E54C7ED989C}.Debug|x86.Build.0 = Debug|x86
		{BA0D9B12-ED16-43EF-B7A1-5E54C7ED989C}.Release|Any CPU.ActiveCfg = Release|Any CPU
		{BA0D9B12-ED16-43EF-B7A1-5E54C7ED989C}.Release|Any CPU.Build.0 = Release|Any CPU
		{BA0D9B12-ED16-43EF-B7A1-5E54C7ED989C}.Release|x86.ActiveCfg = Release|x86
		{BA0D9B12-ED16-43EF-B7A1-5E54C7ED989C}.Release|x86.Build.0 = Release|x86
		{3ACB9450-0DC7-4599-A80D-1A748B67BA3C}.Debug|Any CPU.ActiveCfg = Debug|Any CPU
		{3ACB9450-0DC7-4599-A80D-1A748B67BA3C}.Debug|Any CPU.Build.0 = Debug|Any CPU
		{3ACB9450-0DC7-4599-A80D-1A748B67BA3C}.Debug|x86.ActiveCfg = Debug|x86
		{3ACB9450-0DC7-4599-A80D-1A748B67BA3C}.Debug|x86.Build.0 = Debug|x86
		{3ACB9450-0DC7-4599-A80D-1A748B67BA3C}.Release|Any CPU.ActiveCfg = Release|Any CPU
		{3ACB9450-0DC7-4599-A80D-1A748B67BA3C}.Release|Any CPU.Build.0 = Release|Any CPU
		{3ACB9450-0DC7-4599-A80D-1A748B67BA3C}.Release|x86.ActiveCfg = Release|x86
		{3ACB9450-0DC7-4599-A80D-1A748B67BA3C}.Release|x86.Build.0 = Release|x86
		{42987FA1-8BF2-425D-BA37-05AD26CD9976}.Debug|Any CPU.ActiveCfg = Debug|Any CPU
		{42987FA1-8BF2-425D-BA37-05AD26CD9976}.Debug|Any CPU.Build.0 = Debug|Any CPU
		{42987FA1-8BF2-425D-BA37-05AD26CD9976}.Debug|x86.ActiveCfg = Debug|x86
		{42987FA1-8BF2-425D-BA37-05AD26CD9976}.Debug|x86.Build.0 = Debug|x86
		{42987FA1-8BF2-425D-BA37-05AD26CD9976}.Release|Any CPU.ActiveCfg = Release|Any CPU
		{42987FA1-8BF2-425D-BA37-05AD26CD9976}.Release|Any CPU.Build.0 = Release|Any CPU
		{42987FA1-8BF2-425D-BA37-05AD26CD9976}.Release|x86.ActiveCfg = Release|x86
		{42987FA1-8BF2-425D-BA37-05AD26CD9976}.Release|x86.Build.0 = Release|x86
		{4252CC77-A806-4B7C-9951-074175E4206E}.Debug|Any CPU.ActiveCfg = Debug|Any CPU
		{4252CC77-A806-4B7C-9951-074175E4206E}.Debug|Any CPU.Build.0 = Debug|Any CPU
		{4252CC77-A806-4B7C-9951-074175E4206E}.Debug|x86.ActiveCfg = Debug|x86
		{4252CC77-A806-4B7C-9951-074175E4206E}.Debug|x86.Build.0 = Debug|x86
		{4252CC77-A806-4B7C-9951-074175E4206E}.Release|Any CPU.ActiveCfg = Release|Any CPU
		{4252CC77-A806-4B7C-9951-074175E4206E}.Release|Any CPU.Build.0 = Release|Any CPU
		{4252CC77-A806-4B7C-9951-074175E4206E}.Release|x86.ActiveCfg = Release|x86
		{4252CC77-A806-4B7C-9951-074175E4206E}.Release|x86.Build.0 = Release|x86
		{A32B5EF1-654C-40BF-801E-8A1BDEF8B1B1}.Debug|Any CPU.ActiveCfg = Debug|Any CPU
		{A32B5EF1-654C-40BF-801E-8A1BDEF8B1B1}.Debug|Any CPU.Build.0 = Debug|Any CPU
		{A32B5EF1-654C-40BF-801E-8A1BDEF8B1B1}.Debug|x86.ActiveCfg = Debug|x86
		{A32B5EF1-654C-40BF-801E-8A1BDEF8B1B1}.Debug|x86.Build.0 = Debug|x86
		{A32B5EF1-654C-40BF-801E-8A1BDEF8B1B1}.Release|Any CPU.ActiveCfg = Release|Any CPU
		{A32B5EF1-654C-40BF-801E-8A1BDEF8B1B1}.Release|Any CPU.Build.0 = Release|Any CPU
		{A32B5EF1-654C-40BF-801E-8A1BDEF8B1B1}.Release|x86.ActiveCfg = Release|x86
		{A32B5EF1-654C-40BF-801E-8A1BDEF8B1B1}.Release|x86.Build.0 = Release|x86
		{F5311A5F-F8F5-4A9F-809E-57210EC559AD}.Debug|Any CPU.ActiveCfg = Debug|Any CPU
		{F5311A5F-F8F5-4A9F-809E-57210EC559AD}.Debug|Any CPU.Build.0 = Debug|Any CPU
		{F5311A5F-F8F5-4A9F-809E-57210EC559AD}.Debug|x86.ActiveCfg = Debug|Any CPU
		{F5311A5F-F8F5-4A9F-809E-57210EC559AD}.Debug|x86.Build.0 = Debug|Any CPU
		{F5311A5F-F8F5-4A9F-809E-57210EC559AD}.Release|Any CPU.ActiveCfg = Release|Any CPU
		{F5311A5F-F8F5-4A9F-809E-57210EC559AD}.Release|Any CPU.Build.0 = Release|Any CPU
		{F5311A5F-F8F5-4A9F-809E-57210EC559AD}.Release|x86.ActiveCfg = Release|x86
		{F5311A5F-F8F5-4A9F-809E-57210EC559AD}.Release|x86.Build.0 = Release|x86
		{579F4F4A-E178-436E-8BE8-4F08A1ECB2A2}.Debug|Any CPU.ActiveCfg = DEBUG|x86
		{579F4F4A-E178-436E-8BE8-4F08A1ECB2A2}.Debug|Any CPU.Build.0 = DEBUG|x86
		{579F4F4A-E178-436E-8BE8-4F08A1ECB2A2}.Debug|x86.ActiveCfg = DEBUG|x86
		{579F4F4A-E178-436E-8BE8-4F08A1ECB2A2}.Debug|x86.Build.0 = DEBUG|x86
		{579F4F4A-E178-436E-8BE8-4F08A1ECB2A2}.Release|Any CPU.ActiveCfg = Release|Any CPU
		{579F4F4A-E178-436E-8BE8-4F08A1ECB2A2}.Release|Any CPU.Build.0 = Release|Any CPU
		{579F4F4A-E178-436E-8BE8-4F08A1ECB2A2}.Release|x86.ActiveCfg = RELEASE|x86
		{579F4F4A-E178-436E-8BE8-4F08A1ECB2A2}.Release|x86.Build.0 = RELEASE|x86
		{F9BBC5DF-D805-4F19-88CE-CE0408B70194}.Debug|Any CPU.ActiveCfg = Debug|Any CPU
		{F9BBC5DF-D805-4F19-88CE-CE0408B70194}.Debug|Any CPU.Build.0 = Debug|Any CPU
		{F9BBC5DF-D805-4F19-88CE-CE0408B70194}.Debug|x86.ActiveCfg = Debug|x86
		{F9BBC5DF-D805-4F19-88CE-CE0408B70194}.Debug|x86.Build.0 = Debug|x86
		{F9BBC5DF-D805-4F19-88CE-CE0408B70194}.Release|Any CPU.ActiveCfg = Release|Any CPU
		{F9BBC5DF-D805-4F19-88CE-CE0408B70194}.Release|Any CPU.Build.0 = Release|Any CPU
		{F9BBC5DF-D805-4F19-88CE-CE0408B70194}.Release|x86.ActiveCfg = Release|x86
		{F9BBC5DF-D805-4F19-88CE-CE0408B70194}.Release|x86.Build.0 = Release|x86
		{F0D41BEE-95D5-4C7D-B135-81A14A1C5124}.Debug|Any CPU.ActiveCfg = Debug|Any CPU
		{F0D41BEE-95D5-4C7D-B135-81A14A1C5124}.Debug|Any CPU.Build.0 = Debug|Any CPU
		{F0D41BEE-95D5-4C7D-B135-81A14A1C5124}.Debug|x86.ActiveCfg = Debug|x86
		{F0D41BEE-95D5-4C7D-B135-81A14A1C5124}.Debug|x86.Build.0 = Debug|x86
		{F0D41BEE-95D5-4C7D-B135-81A14A1C5124}.Release|Any CPU.ActiveCfg = Release|Any CPU
		{F0D41BEE-95D5-4C7D-B135-81A14A1C5124}.Release|Any CPU.Build.0 = Release|Any CPU
		{F0D41BEE-95D5-4C7D-B135-81A14A1C5124}.Release|x86.ActiveCfg = Release|x86
		{F0D41BEE-95D5-4C7D-B135-81A14A1C5124}.Release|x86.Build.0 = Release|x86
		{2FDD6D81-C2F9-4E70-A7F0-E9D1532FDD3C}.Debug|Any CPU.ActiveCfg = Debug|Any CPU
		{2FDD6D81-C2F9-4E70-A7F0-E9D1532FDD3C}.Debug|Any CPU.Build.0 = Debug|Any CPU
		{2FDD6D81-C2F9-4E70-A7F0-E9D1532FDD3C}.Debug|x86.ActiveCfg = Debug|x86
		{2FDD6D81-C2F9-4E70-A7F0-E9D1532FDD3C}.Debug|x86.Build.0 = Debug|x86
		{2FDD6D81-C2F9-4E70-A7F0-E9D1532FDD3C}.Release|Any CPU.ActiveCfg = Release|Any CPU
		{2FDD6D81-C2F9-4E70-A7F0-E9D1532FDD3C}.Release|Any CPU.Build.0 = Release|Any CPU
		{2FDD6D81-C2F9-4E70-A7F0-E9D1532FDD3C}.Release|x86.ActiveCfg = Release|x86
		{2FDD6D81-C2F9-4E70-A7F0-E9D1532FDD3C}.Release|x86.Build.0 = Release|x86
		{589C1C7F-88D3-4F4E-A982-EA5108050124}.Debug|Any CPU.ActiveCfg = Debug|Any CPU
		{589C1C7F-88D3-4F4E-A982-EA5108050124}.Debug|Any CPU.Build.0 = Debug|Any CPU
		{589C1C7F-88D3-4F4E-A982-EA5108050124}.Debug|x86.ActiveCfg = Debug|x86
		{589C1C7F-88D3-4F4E-A982-EA5108050124}.Debug|x86.Build.0 = Debug|x86
		{589C1C7F-88D3-4F4E-A982-EA5108050124}.Release|Any CPU.ActiveCfg = Release|Any CPU
		{589C1C7F-88D3-4F4E-A982-EA5108050124}.Release|Any CPU.Build.0 = Release|Any CPU
		{589C1C7F-88D3-4F4E-A982-EA5108050124}.Release|x86.ActiveCfg = Release|x86
		{589C1C7F-88D3-4F4E-A982-EA5108050124}.Release|x86.Build.0 = Release|x86
		{432FE557-206D-4770-8540-2E032B514171}.Debug|Any CPU.ActiveCfg = Debug|Any CPU
		{432FE557-206D-4770-8540-2E032B514171}.Debug|Any CPU.Build.0 = Debug|Any CPU
		{432FE557-206D-4770-8540-2E032B514171}.Debug|x86.ActiveCfg = Debug|Any CPU
		{432FE557-206D-4770-8540-2E032B514171}.Debug|x86.Build.0 = Debug|Any CPU
		{432FE557-206D-4770-8540-2E032B514171}.Release|Any CPU.ActiveCfg = Release|Any CPU
		{432FE557-206D-4770-8540-2E032B514171}.Release|Any CPU.Build.0 = Release|Any CPU
		{432FE557-206D-4770-8540-2E032B514171}.Release|x86.ActiveCfg = Release|Any CPU
		{432FE557-206D-4770-8540-2E032B514171}.Release|x86.Build.0 = Release|Any CPU
	EndGlobalSection
	GlobalSection(SolutionProperties) = preSolution
		HideSolutionNode = FALSE
	EndGlobalSection
	GlobalSection(NestedProjects) = preSolution
		{EBC7FABE-5A55-4FF8-8AE4-C4AC92674D0C} = {8713051E-D3D8-4C38-877A-E4880CBC470D}
		{74C21259-A1EB-487E-8DD5-CD90CA9EB69E} = {8713051E-D3D8-4C38-877A-E4880CBC470D}
		{BA0D9B12-ED16-43EF-B7A1-5E54C7ED989C} = {8713051E-D3D8-4C38-877A-E4880CBC470D}
		{3ACB9450-0DC7-4599-A80D-1A748B67BA3C} = {8713051E-D3D8-4C38-877A-E4880CBC470D}
		{F5311A5F-F8F5-4A9F-809E-57210EC559AD} = {8713051E-D3D8-4C38-877A-E4880CBC470D}
		{579F4F4A-E178-436E-8BE8-4F08A1ECB2A2} = {8713051E-D3D8-4C38-877A-E4880CBC470D}
		{F9BBC5DF-D805-4F19-88CE-CE0408B70194} = {8713051E-D3D8-4C38-877A-E4880CBC470D}
		{F0D41BEE-95D5-4C7D-B135-81A14A1C5124} = {5BE31570-095D-49A2-91BE-D8A1F55751AC}
		{2FDD6D81-C2F9-4E70-A7F0-E9D1532FDD3C} = {8713051E-D3D8-4C38-877A-E4880CBC470D}
		{589C1C7F-88D3-4F4E-A982-EA5108050124} = {5BE31570-095D-49A2-91BE-D8A1F55751AC}
	EndGlobalSection
EndGlobal
