
Microsoft Visual Studio Solution File, Format Version 12.00
# Visual Studio Version 17
VisualStudioVersion = 17.5.33516.290
MinimumVisualStudioVersion = 10.0.40219.1
Project("{9A19103F-16F7-4668-BE54-9A1E7A4F7556}") = "MigaDB", "frameworks\MigaDB\MigaDB.csproj", "{4C5582A9-145B-45F3-AE9A-72AF0CCA5CD3}"
EndProject
Project("{9A19103F-16F7-4668-BE54-9A1E7A4F7556}") = "MigaUtils", "frameworks\MigaUtils\MigaUtils.csproj", "{EBC7FABE-5A55-4FF8-8AE4-C4AC92674D0C}"
EndProject
Project("{9A19103F-16F7-4668-BE54-9A1E7A4F7556}") = "MigaDB.Share", "frameworks\MigaDB.Share\MigaDB.Share.csproj", "{20F2101F-ED58-4151-88F5-5C9B7C9D543B}"
EndProject
Project("{2150E333-8FDC-42A3-9474-1A3956D46DE8}") = "Subsystems", "Subsystems", "{B78F5783-AC0E-4D3D-A032-55A95661BAD8}"
EndProject
Project("{2150E333-8FDC-42A3-9474-1A3956D46DE8}") = "Frameworks", "Frameworks", "{063F0C4A-E660-4B34-9AB0-7674EEC180E4}"
EndProject
Project("{9A19103F-16F7-4668-BE54-9A1E7A4F7556}") = "MigaGen.App", "generators\MigaGen.App\MigaGen.App.csproj", "{9484DC8F-5723-4B32-8447-9B9D35F3D663}"
EndProject
Project("{9A19103F-16F7-4668-BE54-9A1E7A4F7556}") = "MigaStudio.VisualPrototype", "toolkits\MigaStudio.VisualPrototype\MigaStudio.VisualPrototype.csproj", "{D5C75503-CA37-41FF-BD15-16F0AA4BCE5C}"
EndProject
Project("{9A19103F-16F7-4668-BE54-9A1E7A4F7556}") = "Forest", "ui\Forest\Forest\Forest.csproj", "{05470C71-B408-483D-8379-174EC73FE7A2}"
EndProject
Project("{9A19103F-16F7-4668-BE54-9A1E7A4F7556}") = "Forest.Controls", "ui\Forest\Forest.Controls\Forest.Controls.csproj", "{B0CC85BE-C155-4ED5-BC93-6D43D592FB8F}"
EndProject
Project("{9A19103F-16F7-4668-BE54-9A1E7A4F7556}") = "Forest.Shell", "ui\Forest\Forest.Shell\Forest.Shell.csproj", "{F4F06130-251C-45D8-885B-17D7E8725846}"
EndProject
Project("{9A19103F-16F7-4668-BE54-9A1E7A4F7556}") = "MigaStudio.UI", "studio\MigaStudio.UI\MigaStudio.UI.csproj", "{BFEF27BE-9ECB-428F-89DD-CB4E505902D7}"
EndProject
Project("{9A19103F-16F7-4668-BE54-9A1E7A4F7556}") = "FutureGL.Demo.ViewHost", "tools\FutureGL.Demo.ViewHost\FutureGL.Demo.ViewHost.csproj", "{B027E579-4A11-4FA5-8F4F-1FC407058CB5}"
EndProject
Project("{9A19103F-16F7-4668-BE54-9A1E7A4F7556}") = "SubSystem", "studio\SubSystem\SubSystem.csproj", "{36559FCA-FBE2-4E82-BB5D-D754ABDB4057}"
EndProject
Project("{9A19103F-16F7-4668-BE54-9A1E7A4F7556}") = "StoryDiagram", "toolkits\StoryDiagram\StoryDiagram.csproj", "{D1A533F5-6217-4FB9-B239-B6D7B1F80F0B}"
EndProject
Project("{FAE04EC0-301F-11D3-BF4B-00C04F79EFBC}") = "ConsoleApp", "toolkits\ConsoleApp\ConsoleApp.csproj", "{40922279-3CFA-4121-8ADB-51758268C5A8}"
EndProject
Global
	GlobalSection(SolutionConfigurationPlatforms) = preSolution
		Debug|Any CPU = Debug|Any CPU
		Debug|x64 = Debug|x64
		Debug|x86 = Debug|x86
		Release|Any CPU = Release|Any CPU
		Release|x64 = Release|x64
		Release|x86 = Release|x86
	EndGlobalSection
	GlobalSection(ProjectConfigurationPlatforms) = postSolution
		{4C5582A9-145B-45F3-AE9A-72AF0CCA5CD3}.Debug|Any CPU.ActiveCfg = Debug|Any CPU
		{4C5582A9-145B-45F3-AE9A-72AF0CCA5CD3}.Debug|Any CPU.Build.0 = Debug|Any CPU
		{4C5582A9-145B-45F3-AE9A-72AF0CCA5CD3}.Debug|x64.ActiveCfg = Debug|x64
		{4C5582A9-145B-45F3-AE9A-72AF0CCA5CD3}.Debug|x64.Build.0 = Debug|x64
		{4C5582A9-145B-45F3-AE9A-72AF0CCA5CD3}.Debug|x86.ActiveCfg = Debug|x86
		{4C5582A9-145B-45F3-AE9A-72AF0CCA5CD3}.Debug|x86.Build.0 = Debug|x86
		{4C5582A9-145B-45F3-AE9A-72AF0CCA5CD3}.Release|Any CPU.ActiveCfg = Release|Any CPU
		{4C5582A9-145B-45F3-AE9A-72AF0CCA5CD3}.Release|Any CPU.Build.0 = Release|Any CPU
		{4C5582A9-145B-45F3-AE9A-72AF0CCA5CD3}.Release|x64.ActiveCfg = Release|x64
		{4C5582A9-145B-45F3-AE9A-72AF0CCA5CD3}.Release|x64.Build.0 = Release|x64
		{4C5582A9-145B-45F3-AE9A-72AF0CCA5CD3}.Release|x86.ActiveCfg = Release|x86
		{4C5582A9-145B-45F3-AE9A-72AF0CCA5CD3}.Release|x86.Build.0 = Release|x86
		{EBC7FABE-5A55-4FF8-8AE4-C4AC92674D0C}.Debug|Any CPU.ActiveCfg = Debug|Any CPU
		{EBC7FABE-5A55-4FF8-8AE4-C4AC92674D0C}.Debug|Any CPU.Build.0 = Debug|Any CPU
		{EBC7FABE-5A55-4FF8-8AE4-C4AC92674D0C}.Debug|x64.ActiveCfg = Debug|x64
		{EBC7FABE-5A55-4FF8-8AE4-C4AC92674D0C}.Debug|x64.Build.0 = Debug|x64
		{EBC7FABE-5A55-4FF8-8AE4-C4AC92674D0C}.Debug|x86.ActiveCfg = Debug|x86
		{EBC7FABE-5A55-4FF8-8AE4-C4AC92674D0C}.Debug|x86.Build.0 = Debug|x86
		{EBC7FABE-5A55-4FF8-8AE4-C4AC92674D0C}.Release|Any CPU.ActiveCfg = Release|Any CPU
		{EBC7FABE-5A55-4FF8-8AE4-C4AC92674D0C}.Release|Any CPU.Build.0 = Release|Any CPU
		{EBC7FABE-5A55-4FF8-8AE4-C4AC92674D0C}.Release|x64.ActiveCfg = Release|x64
		{EBC7FABE-5A55-4FF8-8AE4-C4AC92674D0C}.Release|x64.Build.0 = Release|x64
		{EBC7FABE-5A55-4FF8-8AE4-C4AC92674D0C}.Release|x86.ActiveCfg = Release|x86
		{EBC7FABE-5A55-4FF8-8AE4-C4AC92674D0C}.Release|x86.Build.0 = Release|x86
		{20F2101F-ED58-4151-88F5-5C9B7C9D543B}.Debug|Any CPU.ActiveCfg = Debug|x86
		{20F2101F-ED58-4151-88F5-5C9B7C9D543B}.Debug|Any CPU.Build.0 = Debug|x86
		{20F2101F-ED58-4151-88F5-5C9B7C9D543B}.Debug|x64.ActiveCfg = Debug|x86
		{20F2101F-ED58-4151-88F5-5C9B7C9D543B}.Debug|x64.Build.0 = Debug|x86
		{20F2101F-ED58-4151-88F5-5C9B7C9D543B}.Debug|x86.ActiveCfg = Debug|x86
		{20F2101F-ED58-4151-88F5-5C9B7C9D543B}.Debug|x86.Build.0 = Debug|x86
		{20F2101F-ED58-4151-88F5-5C9B7C9D543B}.Release|Any CPU.ActiveCfg = Release|Any CPU
		{20F2101F-ED58-4151-88F5-5C9B7C9D543B}.Release|Any CPU.Build.0 = Release|Any CPU
		{20F2101F-ED58-4151-88F5-5C9B7C9D543B}.Release|x64.ActiveCfg = Release|Any CPU
		{20F2101F-ED58-4151-88F5-5C9B7C9D543B}.Release|x64.Build.0 = Release|Any CPU
		{20F2101F-ED58-4151-88F5-5C9B7C9D543B}.Release|x86.ActiveCfg = Release|x86
		{20F2101F-ED58-4151-88F5-5C9B7C9D543B}.Release|x86.Build.0 = Release|x86
		{9484DC8F-5723-4B32-8447-9B9D35F3D663}.Debug|Any CPU.ActiveCfg = Debug|Any CPU
		{9484DC8F-5723-4B32-8447-9B9D35F3D663}.Debug|Any CPU.Build.0 = Debug|Any CPU
		{9484DC8F-5723-4B32-8447-9B9D35F3D663}.Debug|x64.ActiveCfg = Debug|x64
		{9484DC8F-5723-4B32-8447-9B9D35F3D663}.Debug|x64.Build.0 = Debug|x64
		{9484DC8F-5723-4B32-8447-9B9D35F3D663}.Debug|x86.ActiveCfg = Debug|Any CPU
		{9484DC8F-5723-4B32-8447-9B9D35F3D663}.Debug|x86.Build.0 = Debug|Any CPU
		{9484DC8F-5723-4B32-8447-9B9D35F3D663}.Release|Any CPU.ActiveCfg = Release|Any CPU
		{9484DC8F-5723-4B32-8447-9B9D35F3D663}.Release|Any CPU.Build.0 = Release|Any CPU
		{9484DC8F-5723-4B32-8447-9B9D35F3D663}.Release|x64.ActiveCfg = Release|x64
		{9484DC8F-5723-4B32-8447-9B9D35F3D663}.Release|x64.Build.0 = Release|x64
		{9484DC8F-5723-4B32-8447-9B9D35F3D663}.Release|x86.ActiveCfg = Release|x86
		{9484DC8F-5723-4B32-8447-9B9D35F3D663}.Release|x86.Build.0 = Release|x86
		{D5C75503-CA37-41FF-BD15-16F0AA4BCE5C}.Debug|Any CPU.ActiveCfg = Debug|Any CPU
		{D5C75503-CA37-41FF-BD15-16F0AA4BCE5C}.Debug|Any CPU.Build.0 = Debug|Any CPU
		{D5C75503-CA37-41FF-BD15-16F0AA4BCE5C}.Debug|x64.ActiveCfg = Debug|x64
		{D5C75503-CA37-41FF-BD15-16F0AA4BCE5C}.Debug|x64.Build.0 = Debug|x64
		{D5C75503-CA37-41FF-BD15-16F0AA4BCE5C}.Debug|x86.ActiveCfg = Debug|x86
		{D5C75503-CA37-41FF-BD15-16F0AA4BCE5C}.Debug|x86.Build.0 = Debug|x86
		{D5C75503-CA37-41FF-BD15-16F0AA4BCE5C}.Release|Any CPU.ActiveCfg = Release|Any CPU
		{D5C75503-CA37-41FF-BD15-16F0AA4BCE5C}.Release|Any CPU.Build.0 = Release|Any CPU
		{D5C75503-CA37-41FF-BD15-16F0AA4BCE5C}.Release|x64.ActiveCfg = Release|x64
		{D5C75503-CA37-41FF-BD15-16F0AA4BCE5C}.Release|x64.Build.0 = Release|x64
		{D5C75503-CA37-41FF-BD15-16F0AA4BCE5C}.Release|x86.ActiveCfg = Release|x86
		{D5C75503-CA37-41FF-BD15-16F0AA4BCE5C}.Release|x86.Build.0 = Release|x86
		{05470C71-B408-483D-8379-174EC73FE7A2}.Debug|Any CPU.ActiveCfg = Debug|Any CPU
		{05470C71-B408-483D-8379-174EC73FE7A2}.Debug|Any CPU.Build.0 = Debug|Any CPU
		{05470C71-B408-483D-8379-174EC73FE7A2}.Debug|x64.ActiveCfg = Debug|x64
		{05470C71-B408-483D-8379-174EC73FE7A2}.Debug|x64.Build.0 = Debug|x64
		{05470C71-B408-483D-8379-174EC73FE7A2}.Debug|x86.ActiveCfg = Debug|x86
		{05470C71-B408-483D-8379-174EC73FE7A2}.Debug|x86.Build.0 = Debug|x86
		{05470C71-B408-483D-8379-174EC73FE7A2}.Release|Any CPU.ActiveCfg = Release|Any CPU
		{05470C71-B408-483D-8379-174EC73FE7A2}.Release|Any CPU.Build.0 = Release|Any CPU
		{05470C71-B408-483D-8379-174EC73FE7A2}.Release|x64.ActiveCfg = Release|x64
		{05470C71-B408-483D-8379-174EC73FE7A2}.Release|x64.Build.0 = Release|x64
		{05470C71-B408-483D-8379-174EC73FE7A2}.Release|x86.ActiveCfg = Release|x86
		{05470C71-B408-483D-8379-174EC73FE7A2}.Release|x86.Build.0 = Release|x86
		{B0CC85BE-C155-4ED5-BC93-6D43D592FB8F}.Debug|Any CPU.ActiveCfg = Debug|Any CPU
		{B0CC85BE-C155-4ED5-BC93-6D43D592FB8F}.Debug|Any CPU.Build.0 = Debug|Any CPU
		{B0CC85BE-C155-4ED5-BC93-6D43D592FB8F}.Debug|x64.ActiveCfg = Debug|x64
		{B0CC85BE-C155-4ED5-BC93-6D43D592FB8F}.Debug|x64.Build.0 = Debug|x64
		{B0CC85BE-C155-4ED5-BC93-6D43D592FB8F}.Debug|x86.ActiveCfg = Debug|x86
		{B0CC85BE-C155-4ED5-BC93-6D43D592FB8F}.Debug|x86.Build.0 = Debug|x86
		{B0CC85BE-C155-4ED5-BC93-6D43D592FB8F}.Release|Any CPU.ActiveCfg = Release|Any CPU
		{B0CC85BE-C155-4ED5-BC93-6D43D592FB8F}.Release|Any CPU.Build.0 = Release|Any CPU
		{B0CC85BE-C155-4ED5-BC93-6D43D592FB8F}.Release|x64.ActiveCfg = Release|x64
		{B0CC85BE-C155-4ED5-BC93-6D43D592FB8F}.Release|x64.Build.0 = Release|x64
		{B0CC85BE-C155-4ED5-BC93-6D43D592FB8F}.Release|x86.ActiveCfg = Release|x86
		{B0CC85BE-C155-4ED5-BC93-6D43D592FB8F}.Release|x86.Build.0 = Release|x86
		{F4F06130-251C-45D8-885B-17D7E8725846}.Debug|Any CPU.ActiveCfg = Debug|Any CPU
		{F4F06130-251C-45D8-885B-17D7E8725846}.Debug|Any CPU.Build.0 = Debug|Any CPU
		{F4F06130-251C-45D8-885B-17D7E8725846}.Debug|x64.ActiveCfg = Debug|x64
		{F4F06130-251C-45D8-885B-17D7E8725846}.Debug|x64.Build.0 = Debug|x64
		{F4F06130-251C-45D8-885B-17D7E8725846}.Debug|x86.ActiveCfg = Debug|x86
		{F4F06130-251C-45D8-885B-17D7E8725846}.Debug|x86.Build.0 = Debug|x86
		{F4F06130-251C-45D8-885B-17D7E8725846}.Release|Any CPU.ActiveCfg = Release|Any CPU
		{F4F06130-251C-45D8-885B-17D7E8725846}.Release|Any CPU.Build.0 = Release|Any CPU
		{F4F06130-251C-45D8-885B-17D7E8725846}.Release|x64.ActiveCfg = Release|x64
		{F4F06130-251C-45D8-885B-17D7E8725846}.Release|x64.Build.0 = Release|x64
		{F4F06130-251C-45D8-885B-17D7E8725846}.Release|x86.ActiveCfg = Release|x86
		{F4F06130-251C-45D8-885B-17D7E8725846}.Release|x86.Build.0 = Release|x86
		{BFEF27BE-9ECB-428F-89DD-CB4E505902D7}.Debug|Any CPU.ActiveCfg = Debug|Any CPU
		{BFEF27BE-9ECB-428F-89DD-CB4E505902D7}.Debug|Any CPU.Build.0 = Debug|Any CPU
		{BFEF27BE-9ECB-428F-89DD-CB4E505902D7}.Debug|x64.ActiveCfg = Debug|x64
		{BFEF27BE-9ECB-428F-89DD-CB4E505902D7}.Debug|x64.Build.0 = Debug|x64
		{BFEF27BE-9ECB-428F-89DD-CB4E505902D7}.Debug|x86.ActiveCfg = Debug|x86
		{BFEF27BE-9ECB-428F-89DD-CB4E505902D7}.Debug|x86.Build.0 = Debug|x86
		{BFEF27BE-9ECB-428F-89DD-CB4E505902D7}.Release|Any CPU.ActiveCfg = Release|Any CPU
		{BFEF27BE-9ECB-428F-89DD-CB4E505902D7}.Release|Any CPU.Build.0 = Release|Any CPU
		{BFEF27BE-9ECB-428F-89DD-CB4E505902D7}.Release|x64.ActiveCfg = Release|x64
		{BFEF27BE-9ECB-428F-89DD-CB4E505902D7}.Release|x64.Build.0 = Release|x64
		{BFEF27BE-9ECB-428F-89DD-CB4E505902D7}.Release|x86.ActiveCfg = Release|x86
		{BFEF27BE-9ECB-428F-89DD-CB4E505902D7}.Release|x86.Build.0 = Release|x86
		{B027E579-4A11-4FA5-8F4F-1FC407058CB5}.Debug|Any CPU.ActiveCfg = Debug|Any CPU
		{B027E579-4A11-4FA5-8F4F-1FC407058CB5}.Debug|Any CPU.Build.0 = Debug|Any CPU
		{B027E579-4A11-4FA5-8F4F-1FC407058CB5}.Debug|x64.ActiveCfg = Debug|x64
		{B027E579-4A11-4FA5-8F4F-1FC407058CB5}.Debug|x64.Build.0 = Debug|x64
		{B027E579-4A11-4FA5-8F4F-1FC407058CB5}.Debug|x86.ActiveCfg = Debug|x86
		{B027E579-4A11-4FA5-8F4F-1FC407058CB5}.Debug|x86.Build.0 = Debug|x86
		{B027E579-4A11-4FA5-8F4F-1FC407058CB5}.Release|Any CPU.ActiveCfg = Release|Any CPU
		{B027E579-4A11-4FA5-8F4F-1FC407058CB5}.Release|Any CPU.Build.0 = Release|Any CPU
		{B027E579-4A11-4FA5-8F4F-1FC407058CB5}.Release|x64.ActiveCfg = Release|x64
		{B027E579-4A11-4FA5-8F4F-1FC407058CB5}.Release|x64.Build.0 = Release|x64
		{B027E579-4A11-4FA5-8F4F-1FC407058CB5}.Release|x86.ActiveCfg = Release|x86
		{B027E579-4A11-4FA5-8F4F-1FC407058CB5}.Release|x86.Build.0 = Release|x86
		{36559FCA-FBE2-4E82-BB5D-D754ABDB4057}.Debug|Any CPU.ActiveCfg = Debug|Any CPU
		{36559FCA-FBE2-4E82-BB5D-D754ABDB4057}.Debug|Any CPU.Build.0 = Debug|Any CPU
		{36559FCA-FBE2-4E82-BB5D-D754ABDB4057}.Debug|x64.ActiveCfg = Debug|x64
		{36559FCA-FBE2-4E82-BB5D-D754ABDB4057}.Debug|x64.Build.0 = Debug|x64
		{36559FCA-FBE2-4E82-BB5D-D754ABDB4057}.Debug|x86.ActiveCfg = Debug|x86
		{36559FCA-FBE2-4E82-BB5D-D754ABDB4057}.Debug|x86.Build.0 = Debug|x86
		{36559FCA-FBE2-4E82-BB5D-D754ABDB4057}.Release|Any CPU.ActiveCfg = Release|Any CPU
		{36559FCA-FBE2-4E82-BB5D-D754ABDB4057}.Release|Any CPU.Build.0 = Release|Any CPU
		{36559FCA-FBE2-4E82-BB5D-D754ABDB4057}.Release|x64.ActiveCfg = Release|x64
		{36559FCA-FBE2-4E82-BB5D-D754ABDB4057}.Release|x64.Build.0 = Release|x64
		{36559FCA-FBE2-4E82-BB5D-D754ABDB4057}.Release|x86.ActiveCfg = Release|x86
		{36559FCA-FBE2-4E82-BB5D-D754ABDB4057}.Release|x86.Build.0 = Release|x86
		{D1A533F5-6217-4FB9-B239-B6D7B1F80F0B}.Debug|Any CPU.ActiveCfg = Debug|Any CPU
		{D1A533F5-6217-4FB9-B239-B6D7B1F80F0B}.Debug|Any CPU.Build.0 = Debug|Any CPU
		{D1A533F5-6217-4FB9-B239-B6D7B1F80F0B}.Debug|x64.ActiveCfg = Debug|Any CPU
		{D1A533F5-6217-4FB9-B239-B6D7B1F80F0B}.Debug|x64.Build.0 = Debug|Any CPU
		{D1A533F5-6217-4FB9-B239-B6D7B1F80F0B}.Debug|x86.ActiveCfg = Debug|x86
		{D1A533F5-6217-4FB9-B239-B6D7B1F80F0B}.Debug|x86.Build.0 = Debug|x86
		{D1A533F5-6217-4FB9-B239-B6D7B1F80F0B}.Release|Any CPU.ActiveCfg = Release|Any CPU
		{D1A533F5-6217-4FB9-B239-B6D7B1F80F0B}.Release|Any CPU.Build.0 = Release|Any CPU
		{D1A533F5-6217-4FB9-B239-B6D7B1F80F0B}.Release|x64.ActiveCfg = Release|Any CPU
		{D1A533F5-6217-4FB9-B239-B6D7B1F80F0B}.Release|x64.Build.0 = Release|Any CPU
		{D1A533F5-6217-4FB9-B239-B6D7B1F80F0B}.Release|x86.ActiveCfg = Release|Any CPU
		{D1A533F5-6217-4FB9-B239-B6D7B1F80F0B}.Release|x86.Build.0 = Release|Any CPU
		{40922279-3CFA-4121-8ADB-51758268C5A8}.Debug|Any CPU.ActiveCfg = Debug|Any CPU
		{40922279-3CFA-4121-8ADB-51758268C5A8}.Debug|Any CPU.Build.0 = Debug|Any CPU
		{40922279-3CFA-4121-8ADB-51758268C5A8}.Debug|x64.ActiveCfg = Debug|Any CPU
		{40922279-3CFA-4121-8ADB-51758268C5A8}.Debug|x64.Build.0 = Debug|Any CPU
		{40922279-3CFA-4121-8ADB-51758268C5A8}.Debug|x86.ActiveCfg = Debug|Any CPU
		{40922279-3CFA-4121-8ADB-51758268C5A8}.Debug|x86.Build.0 = Debug|Any CPU
		{40922279-3CFA-4121-8ADB-51758268C5A8}.Release|Any CPU.ActiveCfg = Release|Any CPU
		{40922279-3CFA-4121-8ADB-51758268C5A8}.Release|Any CPU.Build.0 = Release|Any CPU
		{40922279-3CFA-4121-8ADB-51758268C5A8}.Release|x64.ActiveCfg = Release|Any CPU
		{40922279-3CFA-4121-8ADB-51758268C5A8}.Release|x64.Build.0 = Release|Any CPU
		{40922279-3CFA-4121-8ADB-51758268C5A8}.Release|x86.ActiveCfg = Release|Any CPU
		{40922279-3CFA-4121-8ADB-51758268C5A8}.Release|x86.Build.0 = Release|Any CPU
	EndGlobalSection
	GlobalSection(SolutionProperties) = preSolution
		HideSolutionNode = FALSE
	EndGlobalSection
	GlobalSection(NestedProjects) = preSolution
		{4C5582A9-145B-45F3-AE9A-72AF0CCA5CD3} = {063F0C4A-E660-4B34-9AB0-7674EEC180E4}
		{EBC7FABE-5A55-4FF8-8AE4-C4AC92674D0C} = {063F0C4A-E660-4B34-9AB0-7674EEC180E4}
		{20F2101F-ED58-4151-88F5-5C9B7C9D543B} = {063F0C4A-E660-4B34-9AB0-7674EEC180E4}
		{9484DC8F-5723-4B32-8447-9B9D35F3D663} = {063F0C4A-E660-4B34-9AB0-7674EEC180E4}
		{36559FCA-FBE2-4E82-BB5D-D754ABDB4057} = {B78F5783-AC0E-4D3D-A032-55A95661BAD8}
	EndGlobalSection
	GlobalSection(ExtensibilityGlobals) = postSolution
		SolutionGuid = {32F62B4F-737B-4997-8445-7D94BBB131BD}
	EndGlobalSection
EndGlobal
